
Microsoft Visual Studio Solution File, Format Version 12.00
# Visual Studio Version 16
VisualStudioVersion = 16.0.30611.23
MinimumVisualStudioVersion = 10.0.40219.1
Project("{FAE04EC0-301F-11D3-BF4B-00C04F79EFBC}") = "SongList", "SongList\SongList.csproj", "{0A934AA4-50D7-4862-8361-0C2078FD14A9}"
EndProject
Global
	GlobalSection(SolutionConfigurationPlatforms) = preSolution
		Debug|Any CPU = Debug|Any CPU
		Release|Any CPU = Release|Any CPU
	EndGlobalSection
	GlobalSection(ProjectConfigurationPlatforms) = postSolution
		{0A934AA4-50D7-4862-8361-0C2078FD14A9}.Debug|Any CPU.ActiveCfg = Debug|Any CPU
		{0A934AA4-50D7-4862-8361-0C2078FD14A9}.Debug|Any CPU.Build.0 = Debug|Any CPU
		{0A934AA4-50D7-4862-8361-0C2078FD14A9}.Release|Any CPU.ActiveCfg = Release|Any CPU
		{0A934AA4-50D7-4862-8361-0C2078FD14A9}.Release|Any CPU.Build.0 = Release|Any CPU
	EndGlobalSection
	GlobalSection(SolutionProperties) = preSolution
		HideSolutionNode = FALSE
	EndGlobalSection
	GlobalSection(ExtensibilityGlobals) = postSolution
		SolutionGuid = {F4DA48B8-8AFF-43BC-B90A-2661018A2013}
	EndGlobalSection
EndGlobal
